
Microsoft Visual Studio Solution File, Format Version 12.00
# Visual Studio Version 16
VisualStudioVersion = 16.0.31729.503
MinimumVisualStudioVersion = 10.0.40219.1
Project("{FAE04EC0-301F-11D3-BF4B-00C04F79EFBC}") = "DZ5_IVT-21B_Nick P._Var2", "DZ5_IVT-21B_Nick P._Var2\DZ5_IVT-21B_Nick P._Var2.csproj", "{BB4CDAC5-FE67-43AD-B2B0-035B61417739}"
EndProject
Global
	GlobalSection(SolutionConfigurationPlatforms) = preSolution
		Debug|Any CPU = Debug|Any CPU
		Release|Any CPU = Release|Any CPU
	EndGlobalSection
	GlobalSection(ProjectConfigurationPlatforms) = postSolution
		{BB4CDAC5-FE67-43AD-B2B0-035B61417739}.Debug|Any CPU.ActiveCfg = Debug|Any CPU
		{BB4CDAC5-FE67-43AD-B2B0-035B61417739}.Debug|Any CPU.Build.0 = Debug|Any CPU
		{BB4CDAC5-FE67-43AD-B2B0-035B61417739}.Release|Any CPU.ActiveCfg = Release|Any CPU
		{BB4CDAC5-FE67-43AD-B2B0-035B61417739}.Release|Any CPU.Build.0 = Release|Any CPU
	EndGlobalSection
	GlobalSection(SolutionProperties) = preSolution
		HideSolutionNode = FALSE
	EndGlobalSection
	GlobalSection(ExtensibilityGlobals) = postSolution
		SolutionGuid = {7E542F2F-53F4-41D0-B5ED-DFCBA58A6F30}
	EndGlobalSection
EndGlobal
